
Microsoft Visual Studio Solution File, Format Version 12.00
# Visual Studio Version 17
VisualStudioVersion = 17.0.31903.59
MinimumVisualStudioVersion = 10.0.40219.1
Project("{FAE04EC0-301F-11D3-BF4B-00C04F79EFBC}") = "XylonApplication.Web", "XylonApplication.Web\XylonApplication.Web.csproj", "{733BF430-79D7-4C80-A87B-EC73552FE836}"
EndProject
Project("{FAE04EC0-301F-11D3-BF4B-00C04F79EFBC}") = "XylonApplication.Data", "XylonApplication.Data\XylonApplication.Data.csproj", "{08CBC15C-55FB-46E2-9A93-CCFF58A1D155}"
EndProject
Project("{FAE04EC0-301F-11D3-BF4B-00C04F79EFBC}") = "XylonApplication.Services", "XylonApplication.Services\XylonApplication.Services.csproj", "{B57C1A43-FFE3-4598-923B-AF8C840D78B3}"
EndProject
Project("{FAE04EC0-301F-11D3-BF4B-00C04F79EFBC}") = "XylonApplication.Common", "XylonApplication.Common\XylonApplication.Common.csproj", "{62FBD259-E2DE-485E-84FD-2D477ADB6AF6}"
EndProject
Project("{FAE04EC0-301F-11D3-BF4B-00C04F79EFBC}") = "XylonApplication.Tests", "XylonApplication.Tests\XylonApplication.Tests.csproj", "{416BDFDF-F4AD-4B83-B9C5-48F5C15C09AF}"
EndProject
Global
	GlobalSection(SolutionConfigurationPlatforms) = preSolution
		Debug|Any CPU = Debug|Any CPU
		Debug|x64 = Debug|x64
		Debug|x86 = Debug|x86
		Release|Any CPU = Release|Any CPU
		Release|x64 = Release|x64
		Release|x86 = Release|x86
	EndGlobalSection
	GlobalSection(ProjectConfigurationPlatforms) = postSolution
		{733BF430-79D7-4C80-A87B-EC73552FE836}.Debug|Any CPU.ActiveCfg = Debug|Any CPU
		{733BF430-79D7-4C80-A87B-EC73552FE836}.Debug|Any CPU.Build.0 = Debug|Any CPU
		{733BF430-79D7-4C80-A87B-EC73552FE836}.Debug|x64.ActiveCfg = Debug|Any CPU
		{733BF430-79D7-4C80-A87B-EC73552FE836}.Debug|x64.Build.0 = Debug|Any CPU
		{733BF430-79D7-4C80-A87B-EC73552FE836}.Debug|x86.ActiveCfg = Debug|Any CPU
		{733BF430-79D7-4C80-A87B-EC73552FE836}.Debug|x86.Build.0 = Debug|Any CPU
		{733BF430-79D7-4C80-A87B-EC73552FE836}.Release|Any CPU.ActiveCfg = Release|Any CPU
		{733BF430-79D7-4C80-A87B-EC73552FE836}.Release|Any CPU.Build.0 = Release|Any CPU
		{733BF430-79D7-4C80-A87B-EC73552FE836}.Release|x64.ActiveCfg = Release|Any CPU
		{733BF430-79D7-4C80-A87B-EC73552FE836}.Release|x64.Build.0 = Release|Any CPU
		{733BF430-79D7-4C80-A87B-EC73552FE836}.Release|x86.ActiveCfg = Release|Any CPU
		{733BF430-79D7-4C80-A87B-EC73552FE836}.Release|x86.Build.0 = Release|Any CPU
		{08CBC15C-55FB-46E2-9A93-CCFF58A1D155}.Debug|Any CPU.ActiveCfg = Debug|Any CPU
		{08CBC15C-55FB-46E2-9A93-CCFF58A1D155}.Debug|Any CPU.Build.0 = Debug|Any CPU
		{08CBC15C-55FB-46E2-9A93-CCFF58A1D155}.Debug|x64.ActiveCfg = Debug|Any CPU
		{08CBC15C-55FB-46E2-9A93-CCFF58A1D155}.Debug|x64.Build.0 = Debug|Any CPU
		{08CBC15C-55FB-46E2-9A93-CCFF58A1D155}.Debug|x86.ActiveCfg = Debug|Any CPU
		{08CBC15C-55FB-46E2-9A93-CCFF58A1D155}.Debug|x86.Build.0 = Debug|Any CPU
		{08CBC15C-55FB-46E2-9A93-CCFF58A1D155}.Release|Any CPU.ActiveCfg = Release|Any CPU
		{08CBC15C-55FB-46E2-9A93-CCFF58A1D155}.Release|Any CPU.Build.0 = Release|Any CPU
		{08CBC15C-55FB-46E2-9A93-CCFF58A1D155}.Release|x64.ActiveCfg = Release|Any CPU
		{08CBC15C-55FB-46E2-9A93-CCFF58A1D155}.Release|x64.Build.0 = Release|Any CPU
		{08CBC15C-55FB-46E2-9A93-CCFF58A1D155}.Release|x86.ActiveCfg = Release|Any CPU
		{08CBC15C-55FB-46E2-9A93-CCFF58A1D155}.Release|x86.Build.0 = Release|Any CPU
		{B57C1A43-FFE3-4598-923B-AF8C840D78B3}.Debug|Any CPU.ActiveCfg = Debug|Any CPU
		{B57C1A43-FFE3-4598-923B-AF8C840D78B3}.Debug|Any CPU.Build.0 = Debug|Any CPU
		{B57C1A43-FFE3-4598-923B-AF8C840D78B3}.Debug|x64.ActiveCfg = Debug|Any CPU
		{B57C1A43-FFE3-4598-923B-AF8C840D78B3}.Debug|x64.Build.0 = Debug|Any CPU
		{B57C1A43-FFE3-4598-923B-AF8C840D78B3}.Debug|x86.ActiveCfg = Debug|Any CPU
		{B57C1A43-FFE3-4598-923B-AF8C840D78B3}.Debug|x86.Build.0 = Debug|Any CPU
		{B57C1A43-FFE3-4598-923B-AF8C840D78B3}.Release|Any CPU.ActiveCfg = Release|Any CPU
		{B57C1A43-FFE3-4598-923B-AF8C840D78B3}.Release|Any CPU.Build.0 = Release|Any CPU
		{B57C1A43-FFE3-4598-923B-AF8C840D78B3}.Release|x64.ActiveCfg = Release|Any CPU
		{B57C1A43-FFE3-4598-923B-AF8C840D78B3}.Release|x64.Build.0 = Release|Any CPU
		{B57C1A43-FFE3-4598-923B-AF8C840D78B3}.Release|x86.ActiveCfg = Release|Any CPU
		{B57C1A43-FFE3-4598-923B-AF8C840D78B3}.Release|x86.Build.0 = Release|Any CPU
		{62FBD259-E2DE-485E-84FD-2D477ADB6AF6}.Debug|Any CPU.ActiveCfg = Debug|Any CPU
		{62FBD259-E2DE-485E-84FD-2D477ADB6AF6}.Debug|Any CPU.Build.0 = Debug|Any CPU
		{62FBD259-E2DE-485E-84FD-2D477ADB6AF6}.Debug|x64.ActiveCfg = Debug|Any CPU
		{62FBD259-E2DE-485E-84FD-2D477ADB6AF6}.Debug|x64.Build.0 = Debug|Any CPU
		{62FBD259-E2DE-485E-84FD-2D477ADB6AF6}.Debug|x86.ActiveCfg = Debug|Any CPU
		{62FBD259-E2DE-485E-84FD-2D477ADB6AF6}.Debug|x86.Build.0 = Debug|Any CPU
		{62FBD259-E2DE-485E-84FD-2D477ADB6AF6}.Release|Any CPU.ActiveCfg = Release|Any CPU
		{62FBD259-E2DE-485E-84FD-2D477ADB6AF6}.Release|Any CPU.Build.0 = Release|Any CPU
		{62FBD259-E2DE-485E-84FD-2D477ADB6AF6}.Release|x64.ActiveCfg = Release|Any CPU
		{62FBD259-E2DE-485E-84FD-2D477ADB6AF6}.Release|x64.Build.0 = Release|Any CPU
		{62FBD259-E2DE-485E-84FD-2D477ADB6AF6}.Release|x86.ActiveCfg = Release|Any CPU
		{62FBD259-E2DE-485E-84FD-2D477ADB6AF6}.Release|x86.Build.0 = Release|Any CPU
		{416BDFDF-F4AD-4B83-B9C5-48F5C15C09AF}.Debug|Any CPU.ActiveCfg = Debug|Any CPU
		{416BDFDF-F4AD-4B83-B9C5-48F5C15C09AF}.Debug|Any CPU.Build.0 = Debug|Any CPU
		{416BDFDF-F4AD-4B83-B9C5-48F5C15C09AF}.Debug|x64.ActiveCfg = Debug|Any CPU
		{416BDFDF-F4AD-4B83-B9C5-48F5C15C09AF}.Debug|x64.Build.0 = Debug|Any CPU
		{416BDFDF-F4AD-4B83-B9C5-48F5C15C09AF}.Debug|x86.ActiveCfg = Debug|Any CPU
		{416BDFDF-F4AD-4B83-B9C5-48F5C15C09AF}.Debug|x86.Build.0 = Debug|Any CPU
		{416BDFDF-F4AD-4B83-B9C5-48F5C15C09AF}.Release|Any CPU.ActiveCfg = Release|Any CPU
		{416BDFDF-F4AD-4B83-B9C5-48F5C15C09AF}.Release|Any CPU.Build.0 = Release|Any CPU
		{416BDFDF-F4AD-4B83-B9C5-48F5C15C09AF}.Release|x64.ActiveCfg = Release|Any CPU
		{416BDFDF-F4AD-4B83-B9C5-48F5C15C09AF}.Release|x64.Build.0 = Release|Any CPU
		{416BDFDF-F4AD-4B83-B9C5-48F5C15C09AF}.Release|x86.ActiveCfg = Release|Any CPU
		{416BDFDF-F4AD-4B83-B9C5-48F5C15C09AF}.Release|x86.Build.0 = Release|Any CPU
	EndGlobalSection
	GlobalSection(SolutionProperties) = preSolution
		HideSolutionNode = FALSE
	EndGlobalSection
EndGlobal
